github.com/confluentinc/confluent-kafka-go v1.7.0 h1:tXh3LWb2Ne0WiU3ng4h5qiGA9XV61rz46w60O+cq8bM=
github.com/confluentinc/confluent-kafka-go v1.7.0/go.mod h1:u2zNLny2xq+5rWeTQjFHbDzzNuba4P1vo31r9r4uAdg=
github.com/go-logr/logr v0.4.0 h1:K7/B1jt6fIBQVd4Owv2MqGQClcgf0R266+7C/QjRcLc=
github.com/go-logr/logr v0.4.0/go.mod h1:z6/tIYblkpsD+a4lm/fGIIU9mZ+XfAiaFtq7xTgseGU=
